// !$*UTF8*$!
{
	archiveVersion = 1;
	classes = {
	};
	objectVersion = 46;
	objects = {

/* Begin PBXBuildFile section */
		336113331CB38FC40057D242 /* main.m in Sources */ = {isa = PBXBuildFile; fileRef = 336113321CB38FC40057D242 /* main.m */; };
		336113361CB38FC40057D242 /* AppDelegate.m in Sources */ = {isa = PBXBuildFile; fileRef = 336113351CB38FC40057D242 /* AppDelegate.m */; };
		336113391CB38FC40057D242 /* ViewController.m in Sources */ = {isa = PBXBuildFile; fileRef = 336113381CB38FC40057D242 /* ViewController.m */; };
		3361133C1CB38FC40057D242 /* Main.storyboard in Resources */ = {isa = PBXBuildFile; fileRef = 3361133A1CB38FC40057D242 /* Main.storyboard */; };
		3361133E1CB38FC40057D242 /* Assets.xcassets in Resources */ = {isa = PBXBuildFile; fileRef = 3361133D1CB38FC40057D242 /* Assets.xcassets */; };
		336113411CB38FC40057D242 /* LaunchScreen.storyboard in Resources */ = {isa = PBXBuildFile; fileRef = 3361133F1CB38FC40057D242 /* LaunchScreen.storyboard */; };
		3361134C1CB38FC40057D242 /* _____Tests.m in Sources */ = {isa = PBXBuildFile; fileRef = 3361134B1CB38FC40057D242 /* _____Tests.m */; };
		336113571CB38FC40057D242 /* _____UITests.m in Sources */ = {isa = PBXBuildFile; fileRef = 336113561CB38FC40057D242 /* _____UITests.m */; };
/* End PBXBuildFile section */

/* Begin PBXContainerItemProxy section */
		336113481CB38FC40057D242 /* PBXContainerItemProxy */ = {
			isa = PBXContainerItemProxy;
			containerPortal = 336113261CB38FC40057D242 /* Project object */;
			proxyType = 1;
			remoteGlobalIDString = 3361132D1CB38FC40057D242;
			remoteInfo = "贝塞尔曲线";
		};
		336113531CB38FC40057D242 /* PBXContainerItemProxy */ = {
			isa = PBXContainerItemProxy;
			containerPortal = 336113261CB38FC40057D242 /* Project object */;
			proxyType = 1;
			remoteGlobalIDString = 3361132D1CB38FC40057D242;
			remoteInfo = "贝塞尔曲线";
		};
/* End PBXContainerItemProxy section */

/* Begin PBXFileReference section */
		3361132E1CB38FC40057D242 /* 贝塞尔曲线.app */ = {isa = PBXFileReference; explicitFileType = wrapper.application; includeInIndex = 0; path = "贝塞尔曲线.app"; sourceTree = BUILT_PRODUCTS_DIR; };
		336113321CB38FC40057D242 /* main.m */ = {isa = PBXFileReference; lastKnownFileType = sourcecode.c.objc; path = main.m; sourceTree = "<group>"; };
		336113341CB38FC40057D242 /* AppDelegate.h */ = {isa = PBXFileReference; lastKnownFileType = sourcecode.c.h; path = AppDelegate.h; sourceTree = "<group>"; };
		336113351CB38FC40057D242 /* AppDelegate.m */ = {isa = PBXFileReference; lastKnownFileType = sourcecode.c.objc; path = AppDelegate.m; sourceTree = "<group>"; };
		336113371CB38FC40057D242 /* ViewController.h */ = {isa = PBXFileReference; lastKnownFileType = sourcecode.c.h; path = ViewController.h; sourceTree = "<group>"; };
		336113381CB38FC40057D242 /* ViewController.m */ = {isa = PBXFileReference; lastKnownFileType = sourcecode.c.objc; path = ViewController.m; sourceTree = "<group>"; };
		3361133B1CB38FC40057D242 /* Base */ = {isa = PBXFileReference; lastKnownFileType = file.storyboard; name = Base; path = Base.lproj/Main.storyboard; sourceTree = "<group>"; };
		3361133D1CB38FC40057D242 /* Assets.xcassets */ = {isa = PBXFileReference; lastKnownFileType = folder.assetcatalog; path = Assets.xcassets; sourceTree = "<group>"; };
		336113401CB38FC40057D242 /* Base */ = {isa = PBXFileReference; lastKnownFileType = file.storyboard; name = Base; path = Base.lproj/LaunchScreen.storyboard; sourceTree = "<group>"; };
		336113421CB38FC40057D242 /* Info.plist */ = {isa = PBXFileReference; lastKnownFileType = text.plist.xml; path = Info.plist; sourceTree = "<group>"; };
		336113471CB38FC40057D242 /* 贝塞尔曲线Tests.xctest */ = {isa = PBXFileReference; explicitFileType = wrapper.cfbundle; includeInIndex = 0; path = "贝塞尔曲线Tests.xctest"; sourceTree = BUILT_PRODUCTS_DIR; };
		3361134B1CB38FC40057D242 /* _____Tests.m */ = {isa = PBXFileReference; lastKnownFileType = sourcecode.c.objc; path = "_____Tests.m"; sourceTree = "<group>"; };
		3361134D1CB38FC40057D242 /* Info.plist */ = {isa = PBXFileReference; lastKnownFileType = text.plist.xml; path = Info.plist; sourceTree = "<group>"; };
		336113521CB38FC40057D242 /* 贝塞尔曲线UITests.xctest */ = {isa = PBXFileReference; explicitFileType = wrapper.cfbundle; includeInIndex = 0; path = "贝塞尔曲线UITests.xctest"; sourceTree = BUILT_PRODUCTS_DIR; };
		336113561CB38FC40057D242 /* _____UITests.m */ = {isa = PBXFileReference; lastKnownFileType = sourcecode.c.objc; path = "_____UITests.m"; sourceTree = "<group>"; };
		336113581CB38FC40057D242 /* Info.plist */ = {isa = PBXFileReference; lastKnownFileType = text.plist.xml; path = Info.plist; sourceTree = "<group>"; };
/* End PBXFileReference section */

/* Begin PBXFrameworksBuildPhase section */
		3361132B1CB38FC40057D242 /* Frameworks */ = {
			isa = PBXFrameworksBuildPhase;
			buildActionMask = 2147483647;
			files = (
			);
			runOnlyForDeploymentPostprocessing = 0;
		};
		336113441CB38FC40057D242 /* Frameworks */ = {
			isa = PBXFrameworksBuildPhase;
			buildActionMask = 2147483647;
			files = (
			);
			runOnlyForDeploymentPostprocessing = 0;
		};
		3361134F1CB38FC40057D242 /* Frameworks */ = {
			isa = PBXFrameworksBuildPhase;
			buildActionMask = 2147483647;
			files = (
			);
			runOnlyForDeploymentPostprocessing = 0;
		};
/* End PBXFrameworksBuildPhase section */

/* Begin PBXGroup section */
		336113251CB38FC40057D242 = {
			isa = PBXGroup;
			children = (
				336113301CB38FC40057D242 /* 贝塞尔曲线 */,
				3361134A1CB38FC40057D242 /* 贝塞尔曲线Tests */,
				336113551CB38FC40057D242 /* 贝塞尔曲线UITests */,
				3361132F1CB38FC40057D242 /* Products */,
			);
			sourceTree = "<group>";
		};
		3361132F1CB38FC40057D242 /* Products */ = {
			isa = PBXGroup;
			children = (
				3361132E1CB38FC40057D242 /* 贝塞尔曲线.app */,
				336113471CB38FC40057D242 /* 贝塞尔曲线Tests.xctest */,
				336113521CB38FC40057D242 /* 贝塞尔曲线UITests.xctest */,
			);
			name = Products;
			sourceTree = "<group>";
		};
		336113301CB38FC40057D242 /* 贝塞尔曲线 */ = {
			isa = PBXGroup;
			children = (
				336113341CB38FC40057D242 /* AppDelegate.h */,
				336113351CB38FC40057D242 /* AppDelegate.m */,
				336113371CB38FC40057D242 /* ViewController.h */,
				336113381CB38FC40057D242 /* ViewController.m */,
				3361133A1CB38FC40057D242 /* Main.storyboard */,
				3361133D1CB38FC40057D242 /* Assets.xcassets */,
				3361133F1CB38FC40057D242 /* LaunchScreen.storyboard */,
				336113421CB38FC40057D242 /* Info.plist */,
				336113311CB38FC40057D242 /* Supporting Files */,
			);
			path = "贝塞尔曲线";
			sourceTree = "<group>";
		};
		336113311CB38FC40057D242 /* Supporting Files */ = {
			isa = PBXGroup;
			children = (
				336113321CB38FC40057D242 /* main.m */,
			);
			name = "Supporting Files";
			sourceTree = "<group>";
		};
		3361134A1CB38FC40057D242 /* 贝塞尔曲线Tests */ = {
			isa = PBXGroup;
			children = (
				3361134B1CB38FC40057D242 /* _____Tests.m */,
				3361134D1CB38FC40057D242 /* Info.plist */,
			);
			path = "贝塞尔曲线Tests";
			sourceTree = "<group>";
		};
		336113551CB38FC40057D242 /* 贝塞尔曲线UITests */ = {
			isa = PBXGroup;
			children = (
				336113561CB38FC40057D242 /* _____UITests.m */,
				336113581CB38FC40057D242 /* Info.plist */,
			);
			path = "贝塞尔曲线UITests";
			sourceTree = "<group>";
		};
/* End PBXGroup section */

/* Begin PBXNativeTarget section */
		3361132D1CB38FC40057D242 /* 贝塞尔曲线 */ = {
			isa = PBXNativeTarget;
			buildConfigurationList = 3361135B1CB38FC40057D242 /* Build configuration list for PBXNativeTarget "贝塞尔曲线" */;
			buildPhases = (
				3361132A1CB38FC40057D242 /* Sources */,
				3361132B1CB38FC40057D242 /* Frameworks */,
				3361132C1CB38FC40057D242 /* Resources */,
			);
			buildRules = (
			);
			dependencies = (
			);
			name = "贝塞尔曲线";
			productName = "贝塞尔曲线";
			productReference = 3361132E1CB38FC40057D242 /* 贝塞尔曲线.app */;
			productType = "com.apple.product-type.application";
		};
		336113461CB38FC40057D242 /* 贝塞尔曲线Tests */ = {
			isa = PBXNativeTarget;
			buildConfigurationList = 3361135E1CB38FC40057D242 /* Build configuration list for PBXNativeTarget "贝塞尔曲线Tests" */;
			buildPhases = (
				336113431CB38FC40057D242 /* Sources */,
				336113441CB38FC40057D242 /* Frameworks */,
				336113451CB38FC40057D242 /* Resources */,
			);
			buildRules = (
			);
			dependencies = (
				336113491CB38FC40057D242 /* PBXTargetDependency */,
			);
			name = "贝塞尔曲线Tests";
			productName = "贝塞尔曲线Tests";
			productReference = 336113471CB38FC40057D242 /* 贝塞尔曲线Tests.xctest */;
			productType = "com.apple.product-type.bundle.unit-test";
		};
		336113511CB38FC40057D242 /* 贝塞尔曲线UITests */ = {
			isa = PBXNativeTarget;
			buildConfigurationList = 336113611CB38FC40057D242 /* Build configuration list for PBXNativeTarget "贝塞尔曲线UITests" */;
			buildPhases = (
				3361134E1CB38FC40057D242 /* Sources */,
				3361134F1CB38FC40057D242 /* Frameworks */,
				336113501CB38FC40057D242 /* Resources */,
			);
			buildRules = (
			);
			dependencies = (
				336113541CB38FC40057D242 /* PBXTargetDependency */,
			);
			name = "贝塞尔曲线UITests";
			productName = "贝塞尔曲线UITests";
			productReference = 336113521CB38FC40057D242 /* 贝塞尔曲线UITests.xctest */;
			productType = "com.apple.product-type.bundle.ui-testing";
		};
/* End PBXNativeTarget section */

/* Begin PBXProject section */
		336113261CB38FC40057D242 /* Project object */ = {
			isa = PBXProject;
			attributes = {
				LastUpgradeCheck = 0720;
				ORGANIZATIONNAME = "俞涛涛";
				TargetAttributes = {
					3361132D1CB38FC40057D242 = {
						CreatedOnToolsVersion = 7.2;
					};
					336113461CB38FC40057D242 = {
						CreatedOnToolsVersion = 7.2;
						TestTargetID = 3361132D1CB38FC40057D242;
					};
					336113511CB38FC40057D242 = {
						CreatedOnToolsVersion = 7.2;
						TestTargetID = 3361132D1CB38FC40057D242;
					};
				};
			};
			buildConfigurationList = 336113291CB38FC40057D242 /* Build configuration list for PBXProject "贝塞尔曲线" */;
			compatibilityVersion = "Xcode 3.2";
			developmentRegion = English;
			hasScannedForEncodings = 0;
			knownRegions = (
				en,
				Base,
			);
			mainGroup = 336113251CB38FC40057D242;
			productRefGroup = 3361132F1CB38FC40057D242 /* Products */;
			projectDirPath = "";
			projectRoot = "";
			targets = (
				3361132D1CB38FC40057D242 /* 贝塞尔曲线 */,
				336113461CB38FC40057D242 /* 贝塞尔曲线Tests */,
				336113511CB38FC40057D242 /* 贝塞尔曲线UITests */,
			);
		};
/* End PBXProject section */

/* Begin PBXResourcesBuildPhase section */
		3361132C1CB38FC40057D242 /* Resources */ = {
			isa = PBXResourcesBuildPhase;
			buildActionMask = 2147483647;
			files = (
				336113411CB38FC40057D242 /* LaunchScreen.storyboard in Resources */,
				3361133E1CB38FC40057D242 /* Assets.xcassets in Resources */,
				3361133C1CB38FC40057D242 /* Main.storyboard in Resources */,
			);
			runOnlyForDeploymentPostprocessing = 0;
		};
		336113451CB38FC40057D242 /* Resources */ = {
			isa = PBXResourcesBuildPhase;
			buildActionMask = 2147483647;
			files = (
			);
			runOnlyForDeploymentPostprocessing = 0;
		};
		336113501CB38FC40057D242 /* Resources */ = {
			isa = PBXResourcesBuildPhase;
			buildActionMask = 2147483647;
			files = (
			);
			runOnlyForDeploymentPostprocessing = 0;
		};
/* End PBXResourcesBuildPhase section */

/* Begin PBXSourcesBuildPhase section */
		3361132A1CB38FC40057D242 /* Sources */ = {
			isa = PBXSourcesBuildPhase;
			buildActionMask = 2147483647;
			files = (
				336113391CB38FC40057D242 /* ViewController.m in Sources */,
				336113361CB38FC40057D242 /* AppDelegate.m in Sources */,
				336113331CB38FC40057D242 /* main.m in Sources */,
			);
			runOnlyForDeploymentPostprocessing = 0;
		};
		336113431CB38FC40057D242 /* Sources */ = {
			isa = PBXSourcesBuildPhase;
			buildActionMask = 2147483647;
			files = (
				3361134C1CB38FC40057D242 /* _____Tests.m in Sources */,
			);
			runOnlyForDeploymentPostprocessing = 0;
		};
		3361134E1CB38FC40057D242 /* Sources */ = {
			isa = PBXSourcesBuildPhase;
			buildActionMask = 2147483647;
			files = (
				336113571CB38FC40057D242 /* _____UITests.m in Sources */,
			);
			runOnlyForDeploymentPostprocessing = 0;
		};
/* End PBXSourcesBuildPhase section */

/* Begin PBXTargetDependency section */
		336113491CB38FC40057D242 /* PBXTargetDependency */ = {
			isa = PBXTargetDependency;
			target = 3361132D1CB38FC40057D242 /* 贝塞尔曲线 */;
			targetProxy = 336113481CB38FC40057D242 /* PBXContainerItemProxy */;
		};
		336113541CB38FC40057D242 /* PBXTargetDependency */ = {
			isa = PBXTargetDependency;
			target = 3361132D1CB38FC40057D242 /* 贝塞尔曲线 */;
			targetProxy = 336113531CB38FC40057D242 /* PBXContainerItemProxy */;
		};
/* End PBXTargetDependency section */

/* Begin PBXVariantGroup section */
		3361133A1CB38FC40057D242 /* Main.storyboard */ = {
			isa = PBXVariantGroup;
			children = (
				3361133B1CB38FC40057D242 /* Base */,
			);
			name = Main.storyboard;
			sourceTree = "<group>";
		};
		3361133F1CB38FC40057D242 /* LaunchScreen.storyboard */ = {
			isa = PBXVariantGroup;
			children = (
				336113401CB38FC40057D242 /* Base */,
			);
			name = LaunchScreen.storyboard;
			sourceTree = "<group>";
		};
/* End PBXVariantGroup section */

/* Begin XCBuildConfiguration section */
		336113591CB38FC40057D242 /* Debug */ = {
			isa = XCBuildConfiguration;
			buildSettings = {
				ALWAYS_SEARCH_USER_PATHS = NO;
				CLANG_CXX_LANGUAGE_STANDARD = "gnu++0x";
				CLANG_CXX_LIBRARY = "libc++";
				CLANG_ENABLE_MODULES = YES;
				CLANG_ENABLE_OBJC_ARC = YES;
				CLANG_WARN_BOOL_CONVERSION = YES;
				CLANG_WARN_CONSTANT_CONVERSION = YES;
				CLANG_WARN_DIRECT_OBJC_ISA_USAGE = YES_ERROR;
				CLANG_WARN_EMPTY_BODY = YES;
				CLANG_WARN_ENUM_CONVERSION = YES;
				CLANG_WARN_INT_CONVERSION = YES;
				CLANG_WARN_OBJC_ROOT_CLASS = YES_ERROR;
				CLANG_WARN_UNREACHABLE_CODE = YES;
				CLANG_WARN__DUPLICATE_METHOD_MATCH = YES;
				"CODE_SIGN_IDENTITY[sdk=iphoneos*]" = "iPhone Developer";
				COPY_PHASE_STRIP = NO;
				DEBUG_INFORMATION_FORMAT = dwarf;
				ENABLE_STRICT_OBJC_MSGSEND = YES;
				ENABLE_TESTABILITY = YES;
				GCC_C_LANGUAGE_STANDARD = gnu99;
				GCC_DYNAMIC_NO_PIC = NO;
				GCC_NO_COMMON_BLOCKS = YES;
				GCC_OPTIMIZATION_LEVEL = 0;
				GCC_PREPROCESSOR_DEFINITIONS = (
					"DEBUG=1",
					"$(inherited)",
				);
				GCC_WARN_64_TO_32_BIT_CONVERSION = YES;
				GCC_WARN_ABOUT_RETURN_TYPE = YES_ERROR;
				GCC_WARN_UNDECLARED_SELECTOR = YES;
				GCC_WARN_UNINITIALIZED_AUTOS = YES_AGGRESSIVE;
				GCC_WARN_UNUSED_FUNCTION = YES;
				GCC_WARN_UNUSED_VARIABLE = YES;
				IPHONEOS_DEPLOYMENT_TARGET = 9.2;
				MTL_ENABLE_DEBUG_INFO = YES;
				ONLY_ACTIVE_ARCH = YES;
				SDKROOT = iphoneos;
				TARGETED_DEVICE_FAMILY = "1,2";
			};
			name = Debug;
		};
		3361135A1CB38FC40057D242 /* Release */ = {
			isa = XCBuildConfiguration;
			buildSettings = {
				ALWAYS_SEARCH_USER_PATHS = NO;
				CLANG_CXX_LANGUAGE_STANDARD = "gnu++0x";
				CLANG_CXX_LIBRARY = "libc++";
				CLANG_ENABLE_MODULES = YES;
				CLANG_ENABLE_OBJC_ARC = YES;
				CLANG_WARN_BOOL_CONVERSION = YES;
				CLANG_WARN_CONSTANT_CONVERSION = YES;
				CLANG_WARN_DIRECT_OBJC_ISA_USAGE = YES_ERROR;
				CLANG_WARN_EMPTY_BODY = YES;
				CLANG_WARN_ENUM_CONVERSION = YES;
				CLANG_WARN_INT_CONVERSION = YES;
				CLANG_WARN_OBJC_ROOT_CLASS = YES_ERROR;
				CLANG_WARN_UNREACHABLE_CODE = YES;
				CLANG_WARN__DUPLICATE_METHOD_MATCH = YES;
				"CODE_SIGN_IDENTITY[sdk=iphoneos*]" = "iPhone Developer";
				COPY_PHASE_STRIP = NO;
				DEBUG_INFORMATION_FORMAT = "dwarf-with-dsym";
				ENABLE_NS_ASSERTIONS = NO;
				ENABLE_STRICT_OBJC_MSGSEND = YES;
				GCC_C_LANGUAGE_STANDARD = gnu99;
				GCC_NO_COMMON_BLOCKS = YES;
				GCC_WARN_64_TO_32_BIT_CONVERSION = YES;
				GCC_WARN_ABOUT_RETURN_TYPE = YES_ERROR;
				GCC_WARN_UNDECLARED_SELECTOR = YES;
				GCC_WARN_UNINITIALIZED_AUTOS = YES_AGGRESSIVE;
				GCC_WARN_UNUSED_FUNCTION = YES;
				GCC_WARN_UNUSED_VARIABLE = YES;
				IPHONEOS_DEPLOYMENT_TARGET = 9.2;
				MTL_ENABLE_DEBUG_INFO = NO;
				SDKROOT = iphoneos;
				TARGETED_DEVICE_FAMILY = "1,2";
				VALIDATE_PRODUCT = YES;
			};
			name = Release;
		};
		3361135C1CB38FC40057D242 /* Debug */ = {
			isa = XCBuildConfiguration;
			buildSettings = {
				ASSETCATALOG_COMPILER_APPICON_NAME = AppIcon;
				INFOPLIST_FILE = "贝塞尔曲线/Info.plist";
				LD_RUNPATH_SEARCH_PATHS = "$(inherited) @executable_path/Frameworks";
				PRODUCT_BUNDLE_IDENTIFIER = "com.lanjie.-----";
				PRODUCT_NAME = "$(TARGET_NAME)";
			};
			name = Debug;
		};
		3361135D1CB38FC40057D242 /* Release */ = {
			isa = XCBuildConfiguration;
			buildSettings = {
				ASSETCATALOG_COMPILER_APPICON_NAME = AppIcon;
				INFOPLIST_FILE = "贝塞尔曲线/Info.plist";
				LD_RUNPATH_SEARCH_PATHS = "$(inherited) @executable_path/Frameworks";
				PRODUCT_BUNDLE_IDENTIFIER = "com.lanjie.-----";
				PRODUCT_NAME = "$(TARGET_NAME)";
			};
			name = Release;
		};
		3361135F1CB38FC40057D242 /* Debug */ = {
			isa = XCBuildConfiguration;
			buildSettings = {
				BUNDLE_LOADER = "$(TEST_HOST)";
				INFOPLIST_FILE = "贝塞尔曲线Tests/Info.plist";
				LD_RUNPATH_SEARCH_PATHS = "$(inherited) @executable_path/Frameworks @loader_path/Frameworks";
				PRODUCT_BUNDLE_IDENTIFIER = "com.lanjie.-----Tests";
				PRODUCT_NAME = "$(TARGET_NAME)";
				TEST_HOST = "$(BUILT_PRODUCTS_DIR)/贝塞尔曲线.app/贝塞尔曲线";
			};
			name = Debug;
		};
		336113601CB38FC40057D242 /* Release */ = {
			isa = XCBuildConfiguration;
			buildSettings = {
				BUNDLE_LOADER = "$(TEST_HOST)";
				INFOPLIST_FILE = "贝塞尔曲线Tests/Info.plist";
				LD_RUNPATH_SEARCH_PATHS = "$(inherited) @executable_path/Frameworks @loader_path/Frameworks";
				PRODUCT_BUNDLE_IDENTIFIER = "com.lanjie.-----Tests";
				PRODUCT_NAME = "$(TARGET_NAME)";
				TEST_HOST = "$(BUILT_PRODUCTS_DIR)/贝塞尔曲线.app/贝塞尔曲线";
			};
			name = Release;
		};
		336113621CB38FC40057D242 /* Debug */ = {
			isa = XCBuildConfiguration;
			buildSettings = {
				INFOPLIST_FILE = "贝塞尔曲线UITests/Info.plist";
				LD_RUNPATH_SEARCH_PATHS = "$(inherited) @executable_path/Frameworks @loader_path/Frameworks";
				PRODUCT_BUNDLE_IDENTIFIER = "com.lanjie.-----UITests";
				PRODUCT_NAME = "$(TARGET_NAME)";
				TEST_TARGET_NAME = "贝塞尔曲线";
				USES_XCTRUNNER = YES;
			};
			name = Debug;
		};
		336113631CB38FC40057D242 /* Release */ = {
			isa = XCBuildConfiguration;
			buildSettings = {
				INFOPLIST_FILE = "贝塞尔曲线UITests/Info.plist";
				LD_RUNPATH_SEARCH_PATHS = "$(inherited) @executable_path/Frameworks @loader_path/Frameworks";
				PRODUCT_BUNDLE_IDENTIFIER = "com.lanjie.-----UITests";
				PRODUCT_NAME = "$(TARGET_NAME)";
				TEST_TARGET_NAME = "贝塞尔曲线";
				USES_XCTRUNNER = YES;
			};
			name = Release;
		};
/* End XCBuildConfiguration section */

/* Begin XCConfigurationList section */
		336113291CB38FC40057D242 /* Build configuration list for PBXProject "贝塞尔曲线" */ = {
			isa = XCConfigurationList;
			buildConfigurations = (
				336113591CB38FC40057D242 /* Debug */,
				3361135A1CB38FC40057D242 /* Release */,
			);
			defaultConfigurationIsVisible = 0;
			defaultConfigurationName = Release;
		};
		3361135B1CB38FC40057D242 /* Build configuration list for PBXNativeTarget "贝塞尔曲线" */ = {
			isa = XCConfigurationList;
			buildConfigurations = (
				3361135C1CB38FC40057D242 /* Debug */,
				3361135D1CB38FC40057D242 /* Release */,
			);
			defaultConfigurationIsVisible = 0;
		};
		3361135E1CB38FC40057D242 /* Build configuration list for PBXNativeTarget "贝塞尔曲线Tests" */ = {
			isa = XCConfigurationList;
			buildConfigurations = (
				3361135F1CB38FC40057D242 /* Debug */,
				336113601CB38FC40057D242 /* Release */,
			);
			defaultConfigurationIsVisible = 0;
		};
		336113611CB38FC40057D242 /* Build configuration list for PBXNativeTarget "贝塞尔曲线UITests" */ = {
			isa = XCConfigurationList;
			buildConfigurations = (
				336113621CB38FC40057D242 /* Debug */,
				336113631CB38FC40057D242 /* Release */,
			);
			defaultConfigurationIsVisible = 0;
		};
/* End XCConfigurationList section */
	};
	rootObject = 336113261CB38FC40057D242 /* Project object */;
}
